
Microsoft Visual Studio Solution File, Format Version 12.00
# Visual Studio Version 17
VisualStudioVersion = 17.3.32804.467
MinimumVisualStudioVersion = 10.0.40219.1
Project("{FAE04EC0-301F-11D3-BF4B-00C04F79EFBC}") = "Bypasses", "Bypasses\Bypasses.csproj", "{A50D72C3-3567-440F-AE8B-960694F18B7B}"
EndProject
Project("{FAE04EC0-301F-11D3-BF4B-00C04F79EFBC}") = "Filesystem", "Filesystem\Filesystem.csproj", "{C00739CE-AE36-41B1-A55D-57BD43A03A8D}"
EndProject
Project("{FAE04EC0-301F-11D3-BF4B-00C04F79EFBC}") = "Keylogger", "Keylogger\Keylogger.csproj", "{FC6E1F43-E5D5-43F6-BEE2-724D74F1BAA3}"
EndProject
Project("{FAE04EC0-301F-11D3-BF4B-00C04F79EFBC}") = "Loadedmodules", "Loadedmodules\Loadedmodules.csproj", "{D00E2D9B-A54C-4701-A91E-5915B6F6A8CF}"
EndProject
Project("{FAE04EC0-301F-11D3-BF4B-00C04F79EFBC}") = "Portscan", "Portscan\Portscan.csproj", "{DD5535D9-06F8-4A28-8D2B-7619D3F6EAF6}"
EndProject
Project("{FAE04EC0-301F-11D3-BF4B-00C04F79EFBC}") = "Powershell", "Powershell\Powershell.csproj", "{3C21C5B6-B3A8-4682-AF62-B15F35794ED8}"
EndProject
Project("{FAE04EC0-301F-11D3-BF4B-00C04F79EFBC}") = "Processes", "Processes\Processes.csproj", "{A0771E1A-DBF7-47F7-826D-F52EB446102D}"
EndProject
Project("{FAE04EC0-301F-11D3-BF4B-00C04F79EFBC}") = "Rickroll", "Rickroll\Rickroll.csproj", "{BDB56E24-0DF1-4E41-999E-1DBFDD05A286}"
EndProject
Project("{FAE04EC0-301F-11D3-BF4B-00C04F79EFBC}") = "Screenshot", "Screenshot\Screenshot.csproj", "{5BF24EF9-9B1F-4D42-B5FB-B874646E910C}"
EndProject
Project("{FAE04EC0-301F-11D3-BF4B-00C04F79EFBC}") = "Shell", "Shell\Shell.csproj", "{2ACF6A88-A389-4E77-A452-6CB15247E385}"
EndProject
Project("{FAE04EC0-301F-11D3-BF4B-00C04F79EFBC}") = "Tcpproxy", "Tcpproxy\Tcpproxy.csproj", "{E6B4C941-C6A4-42BD-9AF6-C250D9E984A7}"
EndProject
Project("{FAE04EC0-301F-11D3-BF4B-00C04F79EFBC}") = "Tokens", "Tokens\Tokens.csproj", "{474FDBBB-D412-4981-88BF-9E313E8C5C7C}"
EndProject
Project("{FAE04EC0-301F-11D3-BF4B-00C04F79EFBC}") = "Rundll", "Rundll\Rundll.csproj", "{47D96FBD-3F85-40D8-822A-A74B02105C25}"
EndProject
Project("{FAE04EC0-301F-11D3-BF4B-00C04F79EFBC}") = "Selfdelete", "Selfdelete\Selfdelete.csproj", "{FB0E5E81-51CF-4B06-9B8C-A41BC9A0F7CC}"
EndProject
Project("{FAE04EC0-301F-11D3-BF4B-00C04F79EFBC}") = "Socksproxy", "SocksProxy\Socksproxy.csproj", "{AD243567-DF64-4C67-9C32-253EB19E09B1}"
EndProject
Project("{FAE04EC0-301F-11D3-BF4B-00C04F79EFBC}") = "ReverseTcpProxy", "ReverseTcpProxy\ReverseTcpProxy.csproj", "{4D0033FE-EE2B-4710-AC1D-AAB9B2EDA3CB}"
EndProject
Global
	GlobalSection(SolutionConfigurationPlatforms) = preSolution
		Debug|Any CPU = Debug|Any CPU
		Release|Any CPU = Release|Any CPU
	EndGlobalSection
	GlobalSection(ProjectConfigurationPlatforms) = postSolution
		{A50D72C3-3567-440F-AE8B-960694F18B7B}.Debug|Any CPU.ActiveCfg = Debug|Any CPU
		{A50D72C3-3567-440F-AE8B-960694F18B7B}.Debug|Any CPU.Build.0 = Debug|Any CPU
		{A50D72C3-3567-440F-AE8B-960694F18B7B}.Release|Any CPU.ActiveCfg = Release|Any CPU
		{A50D72C3-3567-440F-AE8B-960694F18B7B}.Release|Any CPU.Build.0 = Release|Any CPU
		{C00739CE-AE36-41B1-A55D-57BD43A03A8D}.Debug|Any CPU.ActiveCfg = Debug|Any CPU
		{C00739CE-AE36-41B1-A55D-57BD43A03A8D}.Debug|Any CPU.Build.0 = Debug|Any CPU
		{C00739CE-AE36-41B1-A55D-57BD43A03A8D}.Release|Any CPU.ActiveCfg = Release|Any CPU
		{C00739CE-AE36-41B1-A55D-57BD43A03A8D}.Release|Any CPU.Build.0 = Release|Any CPU
		{FC6E1F43-E5D5-43F6-BEE2-724D74F1BAA3}.Debug|Any CPU.ActiveCfg = Debug|Any CPU
		{FC6E1F43-E5D5-43F6-BEE2-724D74F1BAA3}.Debug|Any CPU.Build.0 = Debug|Any CPU
		{FC6E1F43-E5D5-43F6-BEE2-724D74F1BAA3}.Release|Any CPU.ActiveCfg = Release|Any CPU
		{FC6E1F43-E5D5-43F6-BEE2-724D74F1BAA3}.Release|Any CPU.Build.0 = Release|Any CPU
		{D00E2D9B-A54C-4701-A91E-5915B6F6A8CF}.Debug|Any CPU.ActiveCfg = Debug|Any CPU
		{D00E2D9B-A54C-4701-A91E-5915B6F6A8CF}.Debug|Any CPU.Build.0 = Debug|Any CPU
		{D00E2D9B-A54C-4701-A91E-5915B6F6A8CF}.Release|Any CPU.ActiveCfg = Release|Any CPU
		{D00E2D9B-A54C-4701-A91E-5915B6F6A8CF}.Release|Any CPU.Build.0 = Release|Any CPU
		{DD5535D9-06F8-4A28-8D2B-7619D3F6EAF6}.Debug|Any CPU.ActiveCfg = Debug|Any CPU
		{DD5535D9-06F8-4A28-8D2B-7619D3F6EAF6}.Debug|Any CPU.Build.0 = Debug|Any CPU
		{DD5535D9-06F8-4A28-8D2B-7619D3F6EAF6}.Release|Any CPU.ActiveCfg = Release|Any CPU
		{DD5535D9-06F8-4A28-8D2B-7619D3F6EAF6}.Release|Any CPU.Build.0 = Release|Any CPU
		{3C21C5B6-B3A8-4682-AF62-B15F35794ED8}.Debug|Any CPU.ActiveCfg = Debug|Any CPU
		{3C21C5B6-B3A8-4682-AF62-B15F35794ED8}.Debug|Any CPU.Build.0 = Debug|Any CPU
		{3C21C5B6-B3A8-4682-AF62-B15F35794ED8}.Release|Any CPU.ActiveCfg = Release|Any CPU
		{3C21C5B6-B3A8-4682-AF62-B15F35794ED8}.Release|Any CPU.Build.0 = Release|Any CPU
		{A0771E1A-DBF7-47F7-826D-F52EB446102D}.Debug|Any CPU.ActiveCfg = Debug|Any CPU
		{A0771E1A-DBF7-47F7-826D-F52EB446102D}.Debug|Any CPU.Build.0 = Debug|Any CPU
		{A0771E1A-DBF7-47F7-826D-F52EB446102D}.Release|Any CPU.ActiveCfg = Release|Any CPU
		{A0771E1A-DBF7-47F7-826D-F52EB446102D}.Release|Any CPU.Build.0 = Release|Any CPU
		{BDB56E24-0DF1-4E41-999E-1DBFDD05A286}.Debug|Any CPU.ActiveCfg = Debug|Any CPU
		{BDB56E24-0DF1-4E41-999E-1DBFDD05A286}.Debug|Any CPU.Build.0 = Debug|Any CPU
		{BDB56E24-0DF1-4E41-999E-1DBFDD05A286}.Release|Any CPU.ActiveCfg = Release|Any CPU
		{BDB56E24-0DF1-4E41-999E-1DBFDD05A286}.Release|Any CPU.Build.0 = Release|Any CPU
		{5BF24EF9-9B1F-4D42-B5FB-B874646E910C}.Debug|Any CPU.ActiveCfg = Debug|Any CPU
		{5BF24EF9-9B1F-4D42-B5FB-B874646E910C}.Debug|Any CPU.Build.0 = Debug|Any CPU
		{5BF24EF9-9B1F-4D42-B5FB-B874646E910C}.Release|Any CPU.ActiveCfg = Release|Any CPU
		{5BF24EF9-9B1F-4D42-B5FB-B874646E910C}.Release|Any CPU.Build.0 = Release|Any CPU
		{2ACF6A88-A389-4E77-A452-6CB15247E385}.Debug|Any CPU.ActiveCfg = Debug|Any CPU
		{2ACF6A88-A389-4E77-A452-6CB15247E385}.Debug|Any CPU.Build.0 = Debug|Any CPU
		{2ACF6A88-A389-4E77-A452-6CB15247E385}.Release|Any CPU.ActiveCfg = Release|Any CPU
		{2ACF6A88-A389-4E77-A452-6CB15247E385}.Release|Any CPU.Build.0 = Release|Any CPU
		{E6B4C941-C6A4-42BD-9AF6-C250D9E984A7}.Debug|Any CPU.ActiveCfg = Debug|Any CPU
		{E6B4C941-C6A4-42BD-9AF6-C250D9E984A7}.Debug|Any CPU.Build.0 = Debug|Any CPU
		{E6B4C941-C6A4-42BD-9AF6-C250D9E984A7}.Release|Any CPU.ActiveCfg = Release|Any CPU
		{E6B4C941-C6A4-42BD-9AF6-C250D9E984A7}.Release|Any CPU.Build.0 = Release|Any CPU
		{474FDBBB-D412-4981-88BF-9E313E8C5C7C}.Debug|Any CPU.ActiveCfg = Debug|Any CPU
		{474FDBBB-D412-4981-88BF-9E313E8C5C7C}.Debug|Any CPU.Build.0 = Debug|Any CPU
		{474FDBBB-D412-4981-88BF-9E313E8C5C7C}.Release|Any CPU.ActiveCfg = Release|Any CPU
		{474FDBBB-D412-4981-88BF-9E313E8C5C7C}.Release|Any CPU.Build.0 = Release|Any CPU
		{47D96FBD-3F85-40D8-822A-A74B02105C25}.Debug|Any CPU.ActiveCfg = Debug|Any CPU
		{47D96FBD-3F85-40D8-822A-A74B02105C25}.Debug|Any CPU.Build.0 = Debug|Any CPU
		{47D96FBD-3F85-40D8-822A-A74B02105C25}.Release|Any CPU.ActiveCfg = Release|Any CPU
		{47D96FBD-3F85-40D8-822A-A74B02105C25}.Release|Any CPU.Build.0 = Release|Any CPU
		{FB0E5E81-51CF-4B06-9B8C-A41BC9A0F7CC}.Debug|Any CPU.ActiveCfg = Debug|Any CPU
		{FB0E5E81-51CF-4B06-9B8C-A41BC9A0F7CC}.Debug|Any CPU.Build.0 = Debug|Any CPU
		{FB0E5E81-51CF-4B06-9B8C-A41BC9A0F7CC}.Release|Any CPU.ActiveCfg = Release|Any CPU
		{FB0E5E81-51CF-4B06-9B8C-A41BC9A0F7CC}.Release|Any CPU.Build.0 = Release|Any CPU
		{AD243567-DF64-4C67-9C32-253EB19E09B1}.Debug|Any CPU.ActiveCfg = Debug|Any CPU
		{AD243567-DF64-4C67-9C32-253EB19E09B1}.Debug|Any CPU.Build.0 = Debug|Any CPU
		{AD243567-DF64-4C67-9C32-253EB19E09B1}.Release|Any CPU.ActiveCfg = Release|Any CPU
		{AD243567-DF64-4C67-9C32-253EB19E09B1}.Release|Any CPU.Build.0 = Release|Any CPU
		{4D0033FE-EE2B-4710-AC1D-AAB9B2EDA3CB}.Debug|Any CPU.ActiveCfg = Debug|Any CPU
		{4D0033FE-EE2B-4710-AC1D-AAB9B2EDA3CB}.Debug|Any CPU.Build.0 = Debug|Any CPU
		{4D0033FE-EE2B-4710-AC1D-AAB9B2EDA3CB}.Release|Any CPU.ActiveCfg = Release|Any CPU
		{4D0033FE-EE2B-4710-AC1D-AAB9B2EDA3CB}.Release|Any CPU.Build.0 = Release|Any CPU
	EndGlobalSection
	GlobalSection(SolutionProperties) = preSolution
		HideSolutionNode = FALSE
	EndGlobalSection
	GlobalSection(ExtensibilityGlobals) = postSolution
		SolutionGuid = {946D0AD8-1972-43B5-AB74-6A231D5326CE}
	EndGlobalSection
EndGlobal
