
Microsoft Visual Studio Solution File, Format Version 12.00
# Visual Studio Version 17
VisualStudioVersion = 17.3.32804.467
MinimumVisualStudioVersion = 10.0.40219.1
Project("{FAE04EC0-301F-11D3-BF4B-00C04F79EFBC}") = "CoreClient", "CoreClient\CoreClient.csproj", "{04AE148E-3E02-48E9-B78B-423BF74EEABD}"
EndProject
Global
	GlobalSection(SolutionConfigurationPlatforms) = preSolution
		Debug|Any CPU = Debug|Any CPU
		Release|Any CPU = Release|Any CPU
	EndGlobalSection
	GlobalSection(ProjectConfigurationPlatforms) = postSolution
		{04AE148E-3E02-48E9-B78B-423BF74EEABD}.Debug|Any CPU.ActiveCfg = Debug|Any CPU
		{04AE148E-3E02-48E9-B78B-423BF74EEABD}.Debug|Any CPU.Build.0 = Debug|Any CPU
		{04AE148E-3E02-48E9-B78B-423BF74EEABD}.Release|Any CPU.ActiveCfg = Release|Any CPU
		{04AE148E-3E02-48E9-B78B-423BF74EEABD}.Release|Any CPU.Build.0 = Release|Any CPU
	EndGlobalSection
	GlobalSection(SolutionProperties) = preSolution
		HideSolutionNode = FALSE
	EndGlobalSection
	GlobalSection(ExtensibilityGlobals) = postSolution
		SolutionGuid = {129C92BD-9CEB-423C-BB9B-304EF97B80D7}
	EndGlobalSection
EndGlobal
