
Microsoft Visual Studio Solution File, Format Version 12.00
# Visual Studio Version 16
VisualStudioVersion = 16.0.31112.23
MinimumVisualStudioVersion = 10.0.40219.1
Project("{FAE04EC0-301F-11D3-BF4B-00C04F79EFBC}") = "DInjector", "DInjector.csproj", "{5086CE01-1032-4CA3-A302-6CFF2A8B64DC}"
EndProject
Global
	GlobalSection(SolutionConfigurationPlatforms) = preSolution
		Debug|Any CPU = Debug|Any CPU
		Debug|x64 = Debug|x64
		Release|Any CPU = Release|Any CPU
		Release|x64 = Release|x64
	EndGlobalSection
	GlobalSection(ProjectConfigurationPlatforms) = postSolution
		{5086CE01-1032-4CA3-A302-6CFF2A8B64DC}.Debug|Any CPU.ActiveCfg = Debug|Any CPU
		{5086CE01-1032-4CA3-A302-6CFF2A8B64DC}.Debug|Any CPU.Build.0 = Debug|Any CPU
		{5086CE01-1032-4CA3-A302-6CFF2A8B64DC}.Debug|x64.ActiveCfg = Debug|x64
		{5086CE01-1032-4CA3-A302-6CFF2A8B64DC}.Debug|x64.Build.0 = Debug|x64
		{5086CE01-1032-4CA3-A302-6CFF2A8B64DC}.Release|Any CPU.ActiveCfg = Release|Any CPU
		{5086CE01-1032-4CA3-A302-6CFF2A8B64DC}.Release|Any CPU.Build.0 = Release|Any CPU
		{5086CE01-1032-4CA3-A302-6CFF2A8B64DC}.Release|x64.ActiveCfg = Release|x64
		{5086CE01-1032-4CA3-A302-6CFF2A8B64DC}.Release|x64.Build.0 = Release|x64
	EndGlobalSection
	GlobalSection(SolutionProperties) = preSolution
		HideSolutionNode = FALSE
	EndGlobalSection
	GlobalSection(ExtensibilityGlobals) = postSolution
		SolutionGuid = {F8BA7E51-D28D-4A1B-A5A7-4C1204D64BA7}
	EndGlobalSection
EndGlobal
